// !$*UTF8*$!
{
	archiveVersion = 1;
	classes = {
	};
	objectVersion = 50;
	objects = {

/* Begin PBXBuildFile section */
		08AD7E85961459B42BB3537D /* Pods_SearchMovies.framework in Frameworks */ = {isa = PBXBuildFile; fileRef = D36B6EB65959D29B1DAE7473 /* Pods_SearchMovies.framework */; };
		CF8445CBAE74465BE4932B85 /* Pods_SearchMoviesTests.framework in Frameworks */ = {isa = PBXBuildFile; fileRef = 61B6EB5D0A2946E55B9C5D52 /* Pods_SearchMoviesTests.framework */; };
		D8EC79AA2378EEB400181821 /* AppDelegate.swift in Sources */ = {isa = PBXBuildFile; fileRef = D8EC79A92378EEB400181821 /* AppDelegate.swift */; };
		D8EC79AC2378EEB400181821 /* SceneDelegate.swift in Sources */ = {isa = PBXBuildFile; fileRef = D8EC79AB2378EEB400181821 /* SceneDelegate.swift */; };
		D8EC79AE2378EEB400181821 /* ViewController.swift in Sources */ = {isa = PBXBuildFile; fileRef = D8EC79AD2378EEB400181821 /* ViewController.swift */; };
		D8EC79B12378EEB400181821 /* Main.storyboard in Resources */ = {isa = PBXBuildFile; fileRef = D8EC79AF2378EEB400181821 /* Main.storyboard */; };
		D8EC79B32378EEBD00181821 /* Assets.xcassets in Resources */ = {isa = PBXBuildFile; fileRef = D8EC79B22378EEBD00181821 /* Assets.xcassets */; };
		D8EC79B62378EEBD00181821 /* LaunchScreen.storyboard in Resources */ = {isa = PBXBuildFile; fileRef = D8EC79B42378EEBD00181821 /* LaunchScreen.storyboard */; };
		D8EC79C12378EEBE00181821 /* SearchMoviesTests.swift in Sources */ = {isa = PBXBuildFile; fileRef = D8EC79C02378EEBE00181821 /* SearchMoviesTests.swift */; };
		D8EC79CC2378EEBE00181821 /* SearchMoviesUITests.swift in Sources */ = {isa = PBXBuildFile; fileRef = D8EC79CB2378EEBE00181821 /* SearchMoviesUITests.swift */; };
		E0885871CB326BE6B2E3BFFD /* Pods_SearchMoviesUITests.framework in Frameworks */ = {isa = PBXBuildFile; fileRef = 4E6B0455274AD3EECC3F5AA4 /* Pods_SearchMoviesUITests.framework */; };
/* End PBXBuildFile section */

/* Begin PBXContainerItemProxy section */
		D8EC79BD2378EEBE00181821 /* PBXContainerItemProxy */ = {
			isa = PBXContainerItemProxy;
			containerPortal = D8EC799E2378EEB400181821 /* Project object */;
			proxyType = 1;
			remoteGlobalIDString = D8EC79A52378EEB400181821;
			remoteInfo = SearchMovies;
		};
		D8EC79C82378EEBE00181821 /* PBXContainerItemProxy */ = {
			isa = PBXContainerItemProxy;
			containerPortal = D8EC799E2378EEB400181821 /* Project object */;
			proxyType = 1;
			remoteGlobalIDString = D8EC79A52378EEB400181821;
			remoteInfo = SearchMovies;
		};
/* End PBXContainerItemProxy section */

/* Begin PBXFileReference section */
		03ADDA98D1A94275EB9292D6 /* Pods-SearchMovies.debug.xcconfig */ = {isa = PBXFileReference; includeInIndex = 1; lastKnownFileType = text.xcconfig; name = "Pods-SearchMovies.debug.xcconfig"; path = "Target Support Files/Pods-SearchMovies/Pods-SearchMovies.debug.xcconfig"; sourceTree = "<group>"; };
		377621CA775E4DC935CDEE40 /* Pods-SearchMovies.release.xcconfig */ = {isa = PBXFileReference; includeInIndex = 1; lastKnownFileType = text.xcconfig; name = "Pods-SearchMovies.release.xcconfig"; path = "Target Support Files/Pods-SearchMovies/Pods-SearchMovies.release.xcconfig"; sourceTree = "<group>"; };
		3CAC0931AA84F83690A3DB24 /* Pods-SearchMoviesTests.release.xcconfig */ = {isa = PBXFileReference; includeInIndex = 1; lastKnownFileType = text.xcconfig; name = "Pods-SearchMoviesTests.release.xcconfig"; path = "Target Support Files/Pods-SearchMoviesTests/Pods-SearchMoviesTests.release.xcconfig"; sourceTree = "<group>"; };
		4E6B0455274AD3EECC3F5AA4 /* Pods_SearchMoviesUITests.framework */ = {isa = PBXFileReference; explicitFileType = wrapper.framework; includeInIndex = 0; path = Pods_SearchMoviesUITests.framework; sourceTree = BUILT_PRODUCTS_DIR; };
		5F318D391A2921DCAE406F47 /* Pods-SearchMoviesUITests.debug.xcconfig */ = {isa = PBXFileReference; includeInIndex = 1; lastKnownFileType = text.xcconfig; name = "Pods-SearchMoviesUITests.debug.xcconfig"; path = "Target Support Files/Pods-SearchMoviesUITests/Pods-SearchMoviesUITests.debug.xcconfig"; sourceTree = "<group>"; };
		61B6EB5D0A2946E55B9C5D52 /* Pods_SearchMoviesTests.framework */ = {isa = PBXFileReference; explicitFileType = wrapper.framework; includeInIndex = 0; path = Pods_SearchMoviesTests.framework; sourceTree = BUILT_PRODUCTS_DIR; };
		B1DF9574840D2F13710600C9 /* Pods-SearchMoviesTests.debug.xcconfig */ = {isa = PBXFileReference; includeInIndex = 1; lastKnownFileType = text.xcconfig; name = "Pods-SearchMoviesTests.debug.xcconfig"; path = "Target Support Files/Pods-SearchMoviesTests/Pods-SearchMoviesTests.debug.xcconfig"; sourceTree = "<group>"; };
		D36B6EB65959D29B1DAE7473 /* Pods_SearchMovies.framework */ = {isa = PBXFileReference; explicitFileType = wrapper.framework; includeInIndex = 0; path = Pods_SearchMovies.framework; sourceTree = BUILT_PRODUCTS_DIR; };
		D8EC79A62378EEB400181821 /* SearchMovies.app */ = {isa = PBXFileReference; explicitFileType = wrapper.application; includeInIndex = 0; path = SearchMovies.app; sourceTree = BUILT_PRODUCTS_DIR; };
		D8EC79A92378EEB400181821 /* AppDelegate.swift */ = {isa = PBXFileReference; lastKnownFileType = sourcecode.swift; path = AppDelegate.swift; sourceTree = "<group>"; };
		D8EC79AB2378EEB400181821 /* SceneDelegate.swift */ = {isa = PBXFileReference; lastKnownFileType = sourcecode.swift; path = SceneDelegate.swift; sourceTree = "<group>"; };
		D8EC79AD2378EEB400181821 /* ViewController.swift */ = {isa = PBXFileReference; lastKnownFileType = sourcecode.swift; path = ViewController.swift; sourceTree = "<group>"; };
		D8EC79B02378EEB400181821 /* Base */ = {isa = PBXFileReference; lastKnownFileType = file.storyboard; name = Base; path = Base.lproj/Main.storyboard; sourceTree = "<group>"; };
		D8EC79B22378EEBD00181821 /* Assets.xcassets */ = {isa = PBXFileReference; lastKnownFileType = folder.assetcatalog; path = Assets.xcassets; sourceTree = "<group>"; };
		D8EC79B52378EEBD00181821 /* Base */ = {isa = PBXFileReference; lastKnownFileType = file.storyboard; name = Base; path = Base.lproj/LaunchScreen.storyboard; sourceTree = "<group>"; };
		D8EC79B72378EEBD00181821 /* Info.plist */ = {isa = PBXFileReference; lastKnownFileType = text.plist.xml; path = Info.plist; sourceTree = "<group>"; };
		D8EC79BC2378EEBD00181821 /* SearchMoviesTests.xctest */ = {isa = PBXFileReference; explicitFileType = wrapper.cfbundle; includeInIndex = 0; path = SearchMoviesTests.xctest; sourceTree = BUILT_PRODUCTS_DIR; };
		D8EC79C02378EEBE00181821 /* SearchMoviesTests.swift */ = {isa = PBXFileReference; lastKnownFileType = sourcecode.swift; path = SearchMoviesTests.swift; sourceTree = "<group>"; };
		D8EC79C22378EEBE00181821 /* Info.plist */ = {isa = PBXFileReference; lastKnownFileType = text.plist.xml; path = Info.plist; sourceTree = "<group>"; };
		D8EC79C72378EEBE00181821 /* SearchMoviesUITests.xctest */ = {isa = PBXFileReference; explicitFileType = wrapper.cfbundle; includeInIndex = 0; path = SearchMoviesUITests.xctest; sourceTree = BUILT_PRODUCTS_DIR; };
		D8EC79CB2378EEBE00181821 /* SearchMoviesUITests.swift */ = {isa = PBXFileReference; lastKnownFileType = sourcecode.swift; path = SearchMoviesUITests.swift; sourceTree = "<group>"; };
		D8EC79CD2378EEBE00181821 /* Info.plist */ = {isa = PBXFileReference; lastKnownFileType = text.plist.xml; path = Info.plist; sourceTree = "<group>"; };
		E82B6514836CB8A72959AEE2 /* Pods-SearchMoviesUITests.release.xcconfig */ = {isa = PBXFileReference; includeInIndex = 1; lastKnownFileType = text.xcconfig; name = "Pods-SearchMoviesUITests.release.xcconfig"; path = "Target Support Files/Pods-SearchMoviesUITests/Pods-SearchMoviesUITests.release.xcconfig"; sourceTree = "<group>"; };
/* End PBXFileReference section */

/* Begin PBXFrameworksBuildPhase section */
		D8EC79A32378EEB400181821 /* Frameworks */ = {
			isa = PBXFrameworksBuildPhase;
			buildActionMask = 2147483647;
			files = (
				08AD7E85961459B42BB3537D /* Pods_SearchMovies.framework in Frameworks */,
			);
			runOnlyForDeploymentPostprocessing = 0;
		};
		D8EC79B92378EEBD00181821 /* Frameworks */ = {
			isa = PBXFrameworksBuildPhase;
			buildActionMask = 2147483647;
			files = (
				CF8445CBAE74465BE4932B85 /* Pods_SearchMoviesTests.framework in Frameworks */,
			);
			runOnlyForDeploymentPostprocessing = 0;
		};
		D8EC79C42378EEBE00181821 /* Frameworks */ = {
			isa = PBXFrameworksBuildPhase;
			buildActionMask = 2147483647;
			files = (
				E0885871CB326BE6B2E3BFFD /* Pods_SearchMoviesUITests.framework in Frameworks */,
			);
			runOnlyForDeploymentPostprocessing = 0;
		};
/* End PBXFrameworksBuildPhase section */

/* Begin PBXGroup section */
		0FC4AEF1A2B49632C7086B91 /* Frameworks */ = {
			isa = PBXGroup;
			children = (
				D36B6EB65959D29B1DAE7473 /* Pods_SearchMovies.framework */,
				61B6EB5D0A2946E55B9C5D52 /* Pods_SearchMoviesTests.framework */,
				4E6B0455274AD3EECC3F5AA4 /* Pods_SearchMoviesUITests.framework */,
			);
			name = Frameworks;
			sourceTree = "<group>";
		};
		D8EC799D2378EEB400181821 = {
			isa = PBXGroup;
			children = (
				D8EC79A82378EEB400181821 /* SearchMovies */,
				D8EC79BF2378EEBE00181821 /* SearchMoviesTests */,
				D8EC79CA2378EEBE00181821 /* SearchMoviesUITests */,
				D8EC79A72378EEB400181821 /* Products */,
				E7DDCB45100BE9F5C7A1FFB1 /* Pods */,
				0FC4AEF1A2B49632C7086B91 /* Frameworks */,
			);
			sourceTree = "<group>";
		};
		D8EC79A72378EEB400181821 /* Products */ = {
			isa = PBXGroup;
			children = (
				D8EC79A62378EEB400181821 /* SearchMovies.app */,
				D8EC79BC2378EEBD00181821 /* SearchMoviesTests.xctest */,
				D8EC79C72378EEBE00181821 /* SearchMoviesUITests.xctest */,
			);
			name = Products;
			sourceTree = "<group>";
		};
		D8EC79A82378EEB400181821 /* SearchMovies */ = {
			isa = PBXGroup;
			children = (
				D8EC79A92378EEB400181821 /* AppDelegate.swift */,
				D8EC79AB2378EEB400181821 /* SceneDelegate.swift */,
				D8EC79AD2378EEB400181821 /* ViewController.swift */,
				D8EC79AF2378EEB400181821 /* Main.storyboard */,
				D8EC79B22378EEBD00181821 /* Assets.xcassets */,
				D8EC79B42378EEBD00181821 /* LaunchScreen.storyboard */,
				D8EC79B72378EEBD00181821 /* Info.plist */,
			);
			path = SearchMovies;
			sourceTree = "<group>";
		};
		D8EC79BF2378EEBE00181821 /* SearchMoviesTests */ = {
			isa = PBXGroup;
			children = (
				D8EC79C02378EEBE00181821 /* SearchMoviesTests.swift */,
				D8EC79C22378EEBE00181821 /* Info.plist */,
			);
			path = SearchMoviesTests;
			sourceTree = "<group>";
		};
		D8EC79CA2378EEBE00181821 /* SearchMoviesUITests */ = {
			isa = PBXGroup;
			children = (
				D8EC79CB2378EEBE00181821 /* SearchMoviesUITests.swift */,
				D8EC79CD2378EEBE00181821 /* Info.plist */,
			);
			path = SearchMoviesUITests;
			sourceTree = "<group>";
		};
		E7DDCB45100BE9F5C7A1FFB1 /* Pods */ = {
			isa = PBXGroup;
			children = (
				03ADDA98D1A94275EB9292D6 /* Pods-SearchMovies.debug.xcconfig */,
				377621CA775E4DC935CDEE40 /* Pods-SearchMovies.release.xcconfig */,
				B1DF9574840D2F13710600C9 /* Pods-SearchMoviesTests.debug.xcconfig */,
				3CAC0931AA84F83690A3DB24 /* Pods-SearchMoviesTests.release.xcconfig */,
				5F318D391A2921DCAE406F47 /* Pods-SearchMoviesUITests.debug.xcconfig */,
				E82B6514836CB8A72959AEE2 /* Pods-SearchMoviesUITests.release.xcconfig */,
			);
			name = Pods;
			path = Pods;
			sourceTree = "<group>";
		};
/* End PBXGroup section */

/* Begin PBXNativeTarget section */
		D8EC79A52378EEB400181821 /* SearchMovies */ = {
			isa = PBXNativeTarget;
			buildConfigurationList = D8EC79D02378EEBE00181821 /* Build configuration list for PBXNativeTarget "SearchMovies" */;
			buildPhases = (
				02521FA0EA25EC3052A82EE6 /* [CP] Check Pods Manifest.lock */,
				D8EC79A22378EEB400181821 /* Sources */,
				D8EC79A32378EEB400181821 /* Frameworks */,
				D8EC79A42378EEB400181821 /* Resources */,
				6BF09C97264E12466A6A1219 /* [CP] Embed Pods Frameworks */,
			);
			buildRules = (
			);
			dependencies = (
			);
			name = SearchMovies;
			productName = SearchMovies;
			productReference = D8EC79A62378EEB400181821 /* SearchMovies.app */;
			productType = "com.apple.product-type.application";
		};
		D8EC79BB2378EEBD00181821 /* SearchMoviesTests */ = {
			isa = PBXNativeTarget;
			buildConfigurationList = D8EC79D32378EEBE00181821 /* Build configuration list for PBXNativeTarget "SearchMoviesTests" */;
			buildPhases = (
				ED2C0B9457E36F7EE04F232C /* [CP] Check Pods Manifest.lock */,
				D8EC79B82378EEBD00181821 /* Sources */,
				D8EC79B92378EEBD00181821 /* Frameworks */,
				D8EC79BA2378EEBD00181821 /* Resources */,
			);
			buildRules = (
			);
			dependencies = (
				D8EC79BE2378EEBE00181821 /* PBXTargetDependency */,
			);
			name = SearchMoviesTests;
			productName = SearchMoviesTests;
			productReference = D8EC79BC2378EEBD00181821 /* SearchMoviesTests.xctest */;
			productType = "com.apple.product-type.bundle.unit-test";
		};
		D8EC79C62378EEBE00181821 /* SearchMoviesUITests */ = {
			isa = PBXNativeTarget;
			buildConfigurationList = D8EC79D62378EEBE00181821 /* Build configuration list for PBXNativeTarget "SearchMoviesUITests" */;
			buildPhases = (
				225A01378033CC4688DDE909 /* [CP] Check Pods Manifest.lock */,
				D8EC79C32378EEBE00181821 /* Sources */,
				D8EC79C42378EEBE00181821 /* Frameworks */,
				D8EC79C52378EEBE00181821 /* Resources */,
			);
			buildRules = (
			);
			dependencies = (
				D8EC79C92378EEBE00181821 /* PBXTargetDependency */,
			);
			name = SearchMoviesUITests;
			productName = SearchMoviesUITests;
			productReference = D8EC79C72378EEBE00181821 /* SearchMoviesUITests.xctest */;
			productType = "com.apple.product-type.bundle.ui-testing";
		};
/* End PBXNativeTarget section */

/* Begin PBXProject section */
		D8EC799E2378EEB400181821 /* Project object */ = {
			isa = PBXProject;
			attributes = {
				LastSwiftUpdateCheck = 1100;
				LastUpgradeCheck = 1100;
				ORGANIZATIONNAME = NJG;
				TargetAttributes = {
					D8EC79A52378EEB400181821 = {
						CreatedOnToolsVersion = 11.0;
					};
					D8EC79BB2378EEBD00181821 = {
						CreatedOnToolsVersion = 11.0;
						TestTargetID = D8EC79A52378EEB400181821;
					};
					D8EC79C62378EEBE00181821 = {
						CreatedOnToolsVersion = 11.0;
						TestTargetID = D8EC79A52378EEB400181821;
					};
				};
			};
			buildConfigurationList = D8EC79A12378EEB400181821 /* Build configuration list for PBXProject "SearchMovies" */;
			compatibilityVersion = "Xcode 9.3";
			developmentRegion = en;
			hasScannedForEncodings = 0;
			knownRegions = (
				en,
				Base,
			);
			mainGroup = D8EC799D2378EEB400181821;
			productRefGroup = D8EC79A72378EEB400181821 /* Products */;
			projectDirPath = "";
			projectRoot = "";
			targets = (
				D8EC79A52378EEB400181821 /* SearchMovies */,
				D8EC79BB2378EEBD00181821 /* SearchMoviesTests */,
				D8EC79C62378EEBE00181821 /* SearchMoviesUITests */,
			);
		};
/* End PBXProject section */

/* Begin PBXResourcesBuildPhase section */
		D8EC79A42378EEB400181821 /* Resources */ = {
			isa = PBXResourcesBuildPhase;
			buildActionMask = 2147483647;
			files = (
				D8EC79B62378EEBD00181821 /* LaunchScreen.storyboard in Resources */,
				D8EC79B32378EEBD00181821 /* Assets.xcassets in Resources */,
				D8EC79B12378EEB400181821 /* Main.storyboard in Resources */,
			);
			runOnlyForDeploymentPostprocessing = 0;
		};
		D8EC79BA2378EEBD00181821 /* Resources */ = {
			isa = PBXResourcesBuildPhase;
			buildActionMask = 2147483647;
			files = (
			);
			runOnlyForDeploymentPostprocessing = 0;
		};
		D8EC79C52378EEBE00181821 /* Resources */ = {
			isa = PBXResourcesBuildPhase;
			buildActionMask = 2147483647;
			files = (
			);
			runOnlyForDeploymentPostprocessing = 0;
		};
/* End PBXResourcesBuildPhase section */

/* Begin PBXShellScriptBuildPhase section */
		02521FA0EA25EC3052A82EE6 /* [CP] Check Pods Manifest.lock */ = {
			isa = PBXShellScriptBuildPhase;
			buildActionMask = 2147483647;
			files = (
			);
			inputFileListPaths = (
			);
			inputPaths = (
				"${PODS_PODFILE_DIR_PATH}/Podfile.lock",
				"${PODS_ROOT}/Manifest.lock",
			);
			name = "[CP] Check Pods Manifest.lock";
			outputFileListPaths = (
			);
			outputPaths = (
				"$(DERIVED_FILE_DIR)/Pods-SearchMovies-checkManifestLockResult.txt",
			);
			runOnlyForDeploymentPostprocessing = 0;
			shellPath = /bin/sh;
			shellScript = "diff \"${PODS_PODFILE_DIR_PATH}/Podfile.lock\" \"${PODS_ROOT}/Manifest.lock\" > /dev/null\nif [ $? != 0 ] ; then\n    # print error to STDERR\n    echo \"error: The sandbox is not in sync with the Podfile.lock. Run 'pod install' or update your CocoaPods installation.\" >&2\n    exit 1\nfi\n# This output is used by Xcode 'outputs' to avoid re-running this script phase.\necho \"SUCCESS\" > \"${SCRIPT_OUTPUT_FILE_0}\"\n";
			showEnvVarsInLog = 0;
		};
		225A01378033CC4688DDE909 /* [CP] Check Pods Manifest.lock */ = {
			isa = PBXShellScriptBuildPhase;
			buildActionMask = 2147483647;
			files = (
			);
			inputFileListPaths = (
			);
			inputPaths = (
				"${PODS_PODFILE_DIR_PATH}/Podfile.lock",
				"${PODS_ROOT}/Manifest.lock",
			);
			name = "[CP] Check Pods Manifest.lock";
			outputFileListPaths = (
			);
			outputPaths = (
				"$(DERIVED_FILE_DIR)/Pods-SearchMoviesUITests-checkManifestLockResult.txt",
			);
			runOnlyForDeploymentPostprocessing = 0;
			shellPath = /bin/sh;
			shellScript = "diff \"${PODS_PODFILE_DIR_PATH}/Podfile.lock\" \"${PODS_ROOT}/Manifest.lock\" > /dev/null\nif [ $? != 0 ] ; then\n    # print error to STDERR\n    echo \"error: The sandbox is not in sync with the Podfile.lock. Run 'pod install' or update your CocoaPods installation.\" >&2\n    exit 1\nfi\n# This output is used by Xcode 'outputs' to avoid re-running this script phase.\necho \"SUCCESS\" > \"${SCRIPT_OUTPUT_FILE_0}\"\n";
			showEnvVarsInLog = 0;
		};
		6BF09C97264E12466A6A1219 /* [CP] Embed Pods Frameworks */ = {
			isa = PBXShellScriptBuildPhase;
			buildActionMask = 2147483647;
			files = (
			);
			inputFileListPaths = (
				"${PODS_ROOT}/Target Support Files/Pods-SearchMovies/Pods-SearchMovies-frameworks-${CONFIGURATION}-input-files.xcfilelist",
			);
			name = "[CP] Embed Pods Frameworks";
			outputFileListPaths = (
				"${PODS_ROOT}/Target Support Files/Pods-SearchMovies/Pods-SearchMovies-frameworks-${CONFIGURATION}-output-files.xcfilelist",
			);
			runOnlyForDeploymentPostprocessing = 0;
			shellPath = /bin/sh;
			shellScript = "\"${PODS_ROOT}/Target Support Files/Pods-SearchMovies/Pods-SearchMovies-frameworks.sh\"\n";
			showEnvVarsInLog = 0;
		};
		ED2C0B9457E36F7EE04F232C /* [CP] Check Pods Manifest.lock */ = {
			isa = PBXShellScriptBuildPhase;
			buildActionMask = 2147483647;
			files = (
			);
			inputFileListPaths = (
			);
			inputPaths = (
				"${PODS_PODFILE_DIR_PATH}/Podfile.lock",
				"${PODS_ROOT}/Manifest.lock",
			);
			name = "[CP] Check Pods Manifest.lock";
			outputFileListPaths = (
			);
			outputPaths = (
				"$(DERIVED_FILE_DIR)/Pods-SearchMoviesTests-checkManifestLockResult.txt",
			);
			runOnlyForDeploymentPostprocessing = 0;
			shellPath = /bin/sh;
			shellScript = "diff \"${PODS_PODFILE_DIR_PATH}/Podfile.lock\" \"${PODS_ROOT}/Manifest.lock\" > /dev/null\nif [ $? != 0 ] ; then\n    # print error to STDERR\n    echo \"error: The sandbox is not in sync with the Podfile.lock. Run 'pod install' or update your CocoaPods installation.\" >&2\n    exit 1\nfi\n# This output is used by Xcode 'outputs' to avoid re-running this script phase.\necho \"SUCCESS\" > \"${SCRIPT_OUTPUT_FILE_0}\"\n";
			showEnvVarsInLog = 0;
		};
/* End PBXShellScriptBuildPhase section */

/* Begin PBXSourcesBuildPhase section */
		D8EC79A22378EEB400181821 /* Sources */ = {
			isa = PBXSourcesBuildPhase;
			buildActionMask = 2147483647;
			files = (
				D8EC79AE2378EEB400181821 /* ViewController.swift in Sources */,
				D8EC79AA2378EEB400181821 /* AppDelegate.swift in Sources */,
				D8EC79AC2378EEB400181821 /* SceneDelegate.swift in Sources */,
			);
			runOnlyForDeploymentPostprocessing = 0;
		};
		D8EC79B82378EEBD00181821 /* Sources */ = {
			isa = PBXSourcesBuildPhase;
			buildActionMask = 2147483647;
			files = (
				D8EC79C12378EEBE00181821 /* SearchMoviesTests.swift in Sources */,
			);
			runOnlyForDeploymentPostprocessing = 0;
		};
		D8EC79C32378EEBE00181821 /* Sources */ = {
			isa = PBXSourcesBuildPhase;
			buildActionMask = 2147483647;
			files = (
				D8EC79CC2378EEBE00181821 /* SearchMoviesUITests.swift in Sources */,
			);
			runOnlyForDeploymentPostprocessing = 0;
		};
/* End PBXSourcesBuildPhase section */

/* Begin PBXTargetDependency section */
		D8EC79BE2378EEBE00181821 /* PBXTargetDependency */ = {
			isa = PBXTargetDependency;
			target = D8EC79A52378EEB400181821 /* SearchMovies */;
			targetProxy = D8EC79BD2378EEBE00181821 /* PBXContainerItemProxy */;
		};
		D8EC79C92378EEBE00181821 /* PBXTargetDependency */ = {
			isa = PBXTargetDependency;
			target = D8EC79A52378EEB400181821 /* SearchMovies */;
			targetProxy = D8EC79C82378EEBE00181821 /* PBXContainerItemProxy */;
		};
/* End PBXTargetDependency section */

/* Begin PBXVariantGroup section */
		D8EC79AF2378EEB400181821 /* Main.storyboard */ = {
			isa = PBXVariantGroup;
			children = (
				D8EC79B02378EEB400181821 /* Base */,
			);
			name = Main.storyboard;
			sourceTree = "<group>";
		};
		D8EC79B42378EEBD00181821 /* LaunchScreen.storyboard */ = {
			isa = PBXVariantGroup;
			children = (
				D8EC79B52378EEBD00181821 /* Base */,
			);
			name = LaunchScreen.storyboard;
			sourceTree = "<group>";
		};
/* End PBXVariantGroup section */

/* Begin XCBuildConfiguration section */
		D8EC79CE2378EEBE00181821 /* Debug */ = {
			isa = XCBuildConfiguration;
			buildSettings = {
				ALWAYS_SEARCH_USER_PATHS = NO;
				CLANG_ANALYZER_NONNULL = YES;
				CLANG_ANALYZER_NUMBER_OBJECT_CONVERSION = YES_AGGRESSIVE;
				CLANG_CXX_LANGUAGE_STANDARD = "gnu++14";
				CLANG_CXX_LIBRARY = "libc++";
				CLANG_ENABLE_MODULES = YES;
				CLANG_ENABLE_OBJC_ARC = YES;
				CLANG_ENABLE_OBJC_WEAK = YES;
				CLANG_WARN_BLOCK_CAPTURE_AUTORELEASING = YES;
				CLANG_WARN_BOOL_CONVERSION = YES;
				CLANG_WARN_COMMA = YES;
				CLANG_WARN_CONSTANT_CONVERSION = YES;
				CLANG_WARN_DEPRECATED_OBJC_IMPLEMENTATIONS = YES;
				CLANG_WARN_DIRECT_OBJC_ISA_USAGE = YES_ERROR;
				CLANG_WARN_DOCUMENTATION_COMMENTS = YES;
				CLANG_WARN_EMPTY_BODY = YES;
				CLANG_WARN_ENUM_CONVERSION = YES;
				CLANG_WARN_INFINITE_RECURSION = YES;
				CLANG_WARN_INT_CONVERSION = YES;
				CLANG_WARN_NON_LITERAL_NULL_CONVERSION = YES;
				CLANG_WARN_OBJC_IMPLICIT_RETAIN_SELF = YES;
				CLANG_WARN_OBJC_LITERAL_CONVERSION = YES;
				CLANG_WARN_OBJC_ROOT_CLASS = YES_ERROR;
				CLANG_WARN_RANGE_LOOP_ANALYSIS = YES;
				CLANG_WARN_STRICT_PROTOTYPES = YES;
				CLANG_WARN_SUSPICIOUS_MOVE = YES;
				CLANG_WARN_UNGUARDED_AVAILABILITY = YES_AGGRESSIVE;
				CLANG_WARN_UNREACHABLE_CODE = YES;
				CLANG_WARN__DUPLICATE_METHOD_MATCH = YES;
				COPY_PHASE_STRIP = NO;
				DEBUG_INFORMATION_FORMAT = dwarf;
				ENABLE_STRICT_OBJC_MSGSEND = YES;
				ENABLE_TESTABILITY = YES;
				GCC_C_LANGUAGE_STANDARD = gnu11;
				GCC_DYNAMIC_NO_PIC = NO;
				GCC_NO_COMMON_BLOCKS = YES;
				GCC_OPTIMIZATION_LEVEL = 0;
				GCC_PREPROCESSOR_DEFINITIONS = (
					"DEBUG=1",
					"$(inherited)",
				);
				GCC_WARN_64_TO_32_BIT_CONVERSION = YES;
				GCC_WARN_ABOUT_RETURN_TYPE = YES_ERROR;
				GCC_WARN_UNDECLARED_SELECTOR = YES;
				GCC_WARN_UNINITIALIZED_AUTOS = YES_AGGRESSIVE;
				GCC_WARN_UNUSED_FUNCTION = YES;
				GCC_WARN_UNUSED_VARIABLE = YES;
				IPHONEOS_DEPLOYMENT_TARGET = 13.0;
				MTL_ENABLE_DEBUG_INFO = INCLUDE_SOURCE;
				MTL_FAST_MATH = YES;
				ONLY_ACTIVE_ARCH = YES;
				SDKROOT = iphoneos;
				SWIFT_ACTIVE_COMPILATION_CONDITIONS = DEBUG;
				SWIFT_OPTIMIZATION_LEVEL = "-Onone";
			};
			name = Debug;
		};
		D8EC79CF2378EEBE00181821 /* Release */ = {
			isa = XCBuildConfiguration;
			buildSettings = {
				ALWAYS_SEARCH_USER_PATHS = NO;
				CLANG_ANALYZER_NONNULL = YES;
				CLANG_ANALYZER_NUMBER_OBJECT_CONVERSION = YES_AGGRESSIVE;
				CLANG_CXX_LANGUAGE_STANDARD = "gnu++14";
				CLANG_CXX_LIBRARY = "libc++";
				CLANG_ENABLE_MODULES = YES;
				CLANG_ENABLE_OBJC_ARC = YES;
				CLANG_ENABLE_OBJC_WEAK = YES;
				CLANG_WARN_BLOCK_CAPTURE_AUTORELEASING = YES;
				CLANG_WARN_BOOL_CONVERSION = YES;
				CLANG_WARN_COMMA = YES;
				CLANG_WARN_CONSTANT_CONVERSION = YES;
				CLANG_WARN_DEPRECATED_OBJC_IMPLEMENTATIONS = YES;
				CLANG_WARN_DIRECT_OBJC_ISA_USAGE = YES_ERROR;
				CLANG_WARN_DOCUMENTATION_COMMENTS = YES;
				CLANG_WARN_EMPTY_BODY = YES;
				CLANG_WARN_ENUM_CONVERSION = YES;
				CLANG_WARN_INFINITE_RECURSION = YES;
				CLANG_WARN_INT_CONVERSION = YES;
				CLANG_WARN_NON_LITERAL_NULL_CONVERSION = YES;
				CLANG_WARN_OBJC_IMPLICIT_RETAIN_SELF = YES;
				CLANG_WARN_OBJC_LITERAL_CONVERSION = YES;
				CLANG_WARN_OBJC_ROOT_CLASS = YES_ERROR;
				CLANG_WARN_RANGE_LOOP_ANALYSIS = YES;
				CLANG_WARN_STRICT_PROTOTYPES = YES;
				CLANG_WARN_SUSPICIOUS_MOVE = YES;
				CLANG_WARN_UNGUARDED_AVAILABILITY = YES_AGGRESSIVE;
				CLANG_WARN_UNREACHABLE_CODE = YES;
				CLANG_WARN__DUPLICATE_METHOD_MATCH = YES;
				COPY_PHASE_STRIP = NO;
				DEBUG_INFORMATION_FORMAT = "dwarf-with-dsym";
				ENABLE_NS_ASSERTIONS = NO;
				ENABLE_STRICT_OBJC_MSGSEND = YES;
				GCC_C_LANGUAGE_STANDARD = gnu11;
				GCC_NO_COMMON_BLOCKS = YES;
				GCC_WARN_64_TO_32_BIT_CONVERSION = YES;
				GCC_WARN_ABOUT_RETURN_TYPE = YES_ERROR;
				GCC_WARN_UNDECLARED_SELECTOR = YES;
				GCC_WARN_UNINITIALIZED_AUTOS = YES_AGGRESSIVE;
				GCC_WARN_UNUSED_FUNCTION = YES;
				GCC_WARN_UNUSED_VARIABLE = YES;
				IPHONEOS_DEPLOYMENT_TARGET = 13.0;
				MTL_ENABLE_DEBUG_INFO = NO;
				MTL_FAST_MATH = YES;
				SDKROOT = iphoneos;
				SWIFT_COMPILATION_MODE = wholemodule;
				SWIFT_OPTIMIZATION_LEVEL = "-O";
				VALIDATE_PRODUCT = YES;
			};
			name = Release;
		};
		D8EC79D12378EEBE00181821 /* Debug */ = {
			isa = XCBuildConfiguration;
			baseConfigurationReference = 03ADDA98D1A94275EB9292D6 /* Pods-SearchMovies.debug.xcconfig */;
			buildSettings = {
				ASSETCATALOG_COMPILER_APPICON_NAME = AppIcon;
				CODE_SIGN_STYLE = Automatic;
				DEVELOPMENT_TEAM = 8W9H5G3VY9;
				INFOPLIST_FILE = SearchMovies/Info.plist;
				LD_RUNPATH_SEARCH_PATHS = (
					"$(inherited)",
					"@executable_path/Frameworks",
				);
				PRODUCT_BUNDLE_IDENTIFIER = com.njg.SearchMovies;
				PRODUCT_NAME = "$(TARGET_NAME)";
				SWIFT_VERSION = 5.0;
				TARGETED_DEVICE_FAMILY = "1,2";
			};
			name = Debug;
		};
		D8EC79D22378EEBE00181821 /* Release */ = {
			isa = XCBuildConfiguration;
			baseConfigurationReference = 377621CA775E4DC935CDEE40 /* Pods-SearchMovies.release.xcconfig */;
			buildSettings = {
				ASSETCATALOG_COMPILER_APPICON_NAME = AppIcon;
				CODE_SIGN_STYLE = Automatic;
				DEVELOPMENT_TEAM = 8W9H5G3VY9;
				INFOPLIST_FILE = SearchMovies/Info.plist;
				LD_RUNPATH_SEARCH_PATHS = (
					"$(inherited)",
					"@executable_path/Frameworks",
				);
				PRODUCT_BUNDLE_IDENTIFIER = com.njg.SearchMovies;
				PRODUCT_NAME = "$(TARGET_NAME)";
				SWIFT_VERSION = 5.0;
				TARGETED_DEVICE_FAMILY = "1,2";
			};
			name = Release;
		};
		D8EC79D42378EEBE00181821 /* Debug */ = {
			isa = XCBuildConfiguration;
			baseConfigurationReference = B1DF9574840D2F13710600C9 /* Pods-SearchMoviesTests.debug.xcconfig */;
			buildSettings = {
				ALWAYS_EMBED_SWIFT_STANDARD_LIBRARIES = YES;
				BUNDLE_LOADER = "$(TEST_HOST)";
				CODE_SIGN_STYLE = Automatic;
				DEVELOPMENT_TEAM = 8W9H5G3VY9;
				INFOPLIST_FILE = SearchMoviesTests/Info.plist;
				IPHONEOS_DEPLOYMENT_TARGET = 13.0;
				LD_RUNPATH_SEARCH_PATHS = (
					"$(inherited)",
					"@executable_path/Frameworks",
					"@loader_path/Frameworks",
				);
				PRODUCT_BUNDLE_IDENTIFIER = com.njg.SearchMoviesTests;
				PRODUCT_NAME = "$(TARGET_NAME)";
				SWIFT_VERSION = 5.0;
				TARGETED_DEVICE_FAMILY = "1,2";
				TEST_HOST = "$(BUILT_PRODUCTS_DIR)/SearchMovies.app/SearchMovies";
			};
			name = Debug;
		};
		D8EC79D52378EEBE00181821 /* Release */ = {
			isa = XCBuildConfiguration;
			baseConfigurationReference = 3CAC0931AA84F83690A3DB24 /* Pods-SearchMoviesTests.release.xcconfig */;
			buildSettings = {
				ALWAYS_EMBED_SWIFT_STANDARD_LIBRARIES = YES;
				BUNDLE_LOADER = "$(TEST_HOST)";
				CODE_SIGN_STYLE = Automatic;
				DEVELOPMENT_TEAM = 8W9H5G3VY9;
				INFOPLIST_FILE = SearchMoviesTests/Info.plist;
				IPHONEOS_DEPLOYMENT_TARGET = 13.0;
				LD_RUNPATH_SEARCH_PATHS = (
					"$(inherited)",
					"@executable_path/Frameworks",
					"@loader_path/Frameworks",
				);
				PRODUCT_BUNDLE_IDENTIFIER = com.njg.SearchMoviesTests;
				PRODUCT_NAME = "$(TARGET_NAME)";
				SWIFT_VERSION = 5.0;
				TARGETED_DEVICE_FAMILY = "1,2";
				TEST_HOST = "$(BUILT_PRODUCTS_DIR)/SearchMovies.app/SearchMovies";
			};
			name = Release;
		};
		D8EC79D72378EEBE00181821 /* Debug */ = {
			isa = XCBuildConfiguration;
			baseConfigurationReference = 5F318D391A2921DCAE406F47 /* Pods-SearchMoviesUITests.debug.xcconfig */;
			buildSettings = {
				ALWAYS_EMBED_SWIFT_STANDARD_LIBRARIES = YES;
				CODE_SIGN_STYLE = Automatic;
				DEVELOPMENT_TEAM = 8W9H5G3VY9;
				INFOPLIST_FILE = SearchMoviesUITests/Info.plist;
				LD_RUNPATH_SEARCH_PATHS = (
					"$(inherited)",
					"@executable_path/Frameworks",
					"@loader_path/Frameworks",
				);
				PRODUCT_BUNDLE_IDENTIFIER = com.njg.SearchMoviesUITests;
				PRODUCT_NAME = "$(TARGET_NAME)";
				SWIFT_VERSION = 5.0;
				TARGETED_DEVICE_FAMILY = "1,2";
				TEST_TARGET_NAME = SearchMovies;
			};
			name = Debug;
		};
		D8EC79D82378EEBE00181821 /* Release */ = {
			isa = XCBuildConfiguration;
			baseConfigurationReference = E82B6514836CB8A72959AEE2 /* Pods-SearchMoviesUITests.release.xcconfig */;
			buildSettings = {
				ALWAYS_EMBED_SWIFT_STANDARD_LIBRARIES = YES;
				CODE_SIGN_STYLE = Automatic;
				DEVELOPMENT_TEAM = 8W9H5G3VY9;
				INFOPLIST_FILE = SearchMoviesUITests/Info.plist;
				LD_RUNPATH_SEARCH_PATHS = (
					"$(inherited)",
					"@executable_path/Frameworks",
					"@loader_path/Frameworks",
				);
				PRODUCT_BUNDLE_IDENTIFIER = com.njg.SearchMoviesUITests;
				PRODUCT_NAME = "$(TARGET_NAME)";
				SWIFT_VERSION = 5.0;
				TARGETED_DEVICE_FAMILY = "1,2";
				TEST_TARGET_NAME = SearchMovies;
			};
			name = Release;
		};
/* End XCBuildConfiguration section */

/* Begin XCConfigurationList section */
		D8EC79A12378EEB400181821 /* Build configuration list for PBXProject "SearchMovies" */ = {
			isa = XCConfigurationList;
			buildConfigurations = (
				D8EC79CE2378EEBE00181821 /* Debug */,
				D8EC79CF2378EEBE00181821 /* Release */,
			);
			defaultConfigurationIsVisible = 0;
			defaultConfigurationName = Release;
		};
		D8EC79D02378EEBE00181821 /* Build configuration list for PBXNativeTarget "SearchMovies" */ = {
			isa = XCConfigurationList;
			buildConfigurations = (
				D8EC79D12378EEBE00181821 /* Debug */,
				D8EC79D22378EEBE00181821 /* Release */,
			);
			defaultConfigurationIsVisible = 0;
			defaultConfigurationName = Release;
		};
		D8EC79D32378EEBE00181821 /* Build configuration list for PBXNativeTarget "SearchMoviesTests" */ = {
			isa = XCConfigurationList;
			buildConfigurations = (
				D8EC79D42378EEBE00181821 /* Debug */,
				D8EC79D52378EEBE00181821 /* Release */,
			);
			defaultConfigurationIsVisible = 0;
			defaultConfigurationName = Release;
		};
		D8EC79D62378EEBE00181821 /* Build configuration list for PBXNativeTarget "SearchMoviesUITests" */ = {
			isa = XCConfigurationList;
			buildConfigurations = (
				D8EC79D72378EEBE00181821 /* Debug */,
				D8EC79D82378EEBE00181821 /* Release */,
			);
			defaultConfigurationIsVisible = 0;
			defaultConfigurationName = Release;
		};
/* End XCConfigurationList section */
	};
	rootObject = D8EC799E2378EEB400181821 /* Project object */;
}
