PODS:
  - Alamofire (4.9.0)
  - IQKeyboardManagerSwift (6.2.1)
  - Nuke (7.5.2)
  - SwiftSpinner (2.1.0)

DEPENDENCIES:
  - Alamofire
  - IQKeyboardManagerSwift (~> 6.2.0)
  - Nuke (~> 7.5.2)
  - SwiftSpinner

SPEC REPOS:
  https://github.com/cocoapods/specs.git:
    - Alamofire
    - IQKeyboardManagerSwift
    - Nuke
    - SwiftSpinner

SPEC CHECKSUMS:
  Alamofire: afc3e7c6db61476cb45cdd23fed06bad03bbc321
  IQKeyboardManagerSwift: 0f0ae8935360b4003e6ea1ac7c19898f01e2f7c7
  Nuke: 0350d346a688426e8f2331253ef28dc2fc4f6178
  SwiftSpinner: 0f15c006307f8d8bbac075638927ec1361b565d7

PODFILE CHECKSUM: db0f213af4fb43ae27002182d9dc7fd51387c48c

COCOAPODS: 1.7.5
